
Microsoft Visual Studio Solution File, Format Version 12.00
# Visual Studio Version 16
VisualStudioVersion = 16.0.31129.286
MinimumVisualStudioVersion = 10.0.40219.1
Project("{FAE04EC0-301F-11D3-BF4B-00C04F79EFBC}") = "chessfigures", "chessfigures\chessfigures.csproj", "{9721960D-A9F4-4F86-B00B-4E6A73FAC803}"
EndProject
Global
	GlobalSection(SolutionConfigurationPlatforms) = preSolution
		Debug|Any CPU = Debug|Any CPU
		Release|Any CPU = Release|Any CPU
	EndGlobalSection
	GlobalSection(ProjectConfigurationPlatforms) = postSolution
		{9721960D-A9F4-4F86-B00B-4E6A73FAC803}.Debug|Any CPU.ActiveCfg = Debug|Any CPU
		{9721960D-A9F4-4F86-B00B-4E6A73FAC803}.Debug|Any CPU.Build.0 = Debug|Any CPU
		{9721960D-A9F4-4F86-B00B-4E6A73FAC803}.Release|Any CPU.ActiveCfg = Release|Any CPU
		{9721960D-A9F4-4F86-B00B-4E6A73FAC803}.Release|Any CPU.Build.0 = Release|Any CPU
	EndGlobalSection
	GlobalSection(SolutionProperties) = preSolution
		HideSolutionNode = FALSE
	EndGlobalSection
	GlobalSection(ExtensibilityGlobals) = postSolution
		SolutionGuid = {7024B3C8-55B1-48EC-8FCA-2C4E0E3AE494}
	EndGlobalSection
EndGlobal
